// !$*UTF8*$!
{
	archiveVersion = 1;
	classes = {
	};
	objectVersion = 50;
	objects = {

/* Begin PBXBuildFile section */
		0B2ECA742546ADBE009EFEC9 /* AppDelegate.swift in Sources */ = {isa = PBXBuildFile; fileRef = 0B2ECA732546ADBE009EFEC9 /* AppDelegate.swift */; };
		0B2ECA762546ADBE009EFEC9 /* ViewController.swift in Sources */ = {isa = PBXBuildFile; fileRef = 0B2ECA752546ADBE009EFEC9 /* ViewController.swift */; };
		0B2ECA792546ADBE009EFEC9 /* Main.storyboard in Resources */ = {isa = PBXBuildFile; fileRef = 0B2ECA772546ADBE009EFEC9 /* Main.storyboard */; };
		0B2ECA7B2546ADC1009EFEC9 /* Assets.xcassets in Resources */ = {isa = PBXBuildFile; fileRef = 0B2ECA7A2546ADC1009EFEC9 /* Assets.xcassets */; };
		0B2ECA7E2546ADC1009EFEC9 /* LaunchScreen.storyboard in Resources */ = {isa = PBXBuildFile; fileRef = 0B2ECA7C2546ADC1009EFEC9 /* LaunchScreen.storyboard */; };
		0B2ECA862546B94B009EFEC9 /* InicioViewController.swift in Sources */ = {isa = PBXBuildFile; fileRef = 0B2ECA852546B94B009EFEC9 /* InicioViewController.swift */; };
		0B4B2695254AAB5500A845D7 /* AlumnoCell.swift in Sources */ = {isa = PBXBuildFile; fileRef = 0B4B2693254AAB5500A845D7 /* AlumnoCell.swift */; };
		0B4B2696254AAB5500A845D7 /* AlumnoCell.xib in Resources */ = {isa = PBXBuildFile; fileRef = 0B4B2694254AAB5500A845D7 /* AlumnoCell.xib */; };
/* End PBXBuildFile section */

/* Begin PBXFileReference section */
		0B2ECA702546ADBE009EFEC9 /* TableView.app */ = {isa = PBXFileReference; explicitFileType = wrapper.application; includeInIndex = 0; path = TableView.app; sourceTree = BUILT_PRODUCTS_DIR; };
		0B2ECA732546ADBE009EFEC9 /* AppDelegate.swift */ = {isa = PBXFileReference; lastKnownFileType = sourcecode.swift; path = AppDelegate.swift; sourceTree = "<group>"; };
		0B2ECA752546ADBE009EFEC9 /* ViewController.swift */ = {isa = PBXFileReference; lastKnownFileType = sourcecode.swift; path = ViewController.swift; sourceTree = "<group>"; };
		0B2ECA782546ADBE009EFEC9 /* Base */ = {isa = PBXFileReference; lastKnownFileType = file.storyboard; name = Base; path = Base.lproj/Main.storyboard; sourceTree = "<group>"; };
		0B2ECA7A2546ADC1009EFEC9 /* Assets.xcassets */ = {isa = PBXFileReference; lastKnownFileType = folder.assetcatalog; path = Assets.xcassets; sourceTree = "<group>"; };
		0B2ECA7D2546ADC1009EFEC9 /* Base */ = {isa = PBXFileReference; lastKnownFileType = file.storyboard; name = Base; path = Base.lproj/LaunchScreen.storyboard; sourceTree = "<group>"; };
		0B2ECA7F2546ADC1009EFEC9 /* Info.plist */ = {isa = PBXFileReference; lastKnownFileType = text.plist.xml; path = Info.plist; sourceTree = "<group>"; };
		0B2ECA852546B94B009EFEC9 /* InicioViewController.swift */ = {isa = PBXFileReference; lastKnownFileType = sourcecode.swift; path = InicioViewController.swift; sourceTree = "<group>"; };
		0B4B2693254AAB5500A845D7 /* AlumnoCell.swift */ = {isa = PBXFileReference; lastKnownFileType = sourcecode.swift; path = AlumnoCell.swift; sourceTree = "<group>"; };
		0B4B2694254AAB5500A845D7 /* AlumnoCell.xib */ = {isa = PBXFileReference; lastKnownFileType = file.xib; path = AlumnoCell.xib; sourceTree = "<group>"; };
/* End PBXFileReference section */

/* Begin PBXFrameworksBuildPhase section */
		0B2ECA6D2546ADBE009EFEC9 /* Frameworks */ = {
			isa = PBXFrameworksBuildPhase;
			buildActionMask = 2147483647;
			files = (
			);
			runOnlyForDeploymentPostprocessing = 0;
		};
/* End PBXFrameworksBuildPhase section */

/* Begin PBXGroup section */
		0B2ECA672546ADBE009EFEC9 = {
			isa = PBXGroup;
			children = (
				0B2ECA722546ADBE009EFEC9 /* TableView */,
				0B2ECA712546ADBE009EFEC9 /* Products */,
			);
			sourceTree = "<group>";
		};
		0B2ECA712546ADBE009EFEC9 /* Products */ = {
			isa = PBXGroup;
			children = (
				0B2ECA702546ADBE009EFEC9 /* TableView.app */,
			);
			name = Products;
			sourceTree = "<group>";
		};
		0B2ECA722546ADBE009EFEC9 /* TableView */ = {
			isa = PBXGroup;
			children = (
				0B2ECA732546ADBE009EFEC9 /* AppDelegate.swift */,
				0B2ECA752546ADBE009EFEC9 /* ViewController.swift */,
				0B2ECA772546ADBE009EFEC9 /* Main.storyboard */,
				0B2ECA7A2546ADC1009EFEC9 /* Assets.xcassets */,
				0B2ECA7C2546ADC1009EFEC9 /* LaunchScreen.storyboard */,
				0B2ECA7F2546ADC1009EFEC9 /* Info.plist */,
				0B2ECA852546B94B009EFEC9 /* InicioViewController.swift */,
				0B4B2693254AAB5500A845D7 /* AlumnoCell.swift */,
				0B4B2694254AAB5500A845D7 /* AlumnoCell.xib */,
			);
			path = TableView;
			sourceTree = "<group>";
		};
/* End PBXGroup section */

/* Begin PBXNativeTarget section */
		0B2ECA6F2546ADBE009EFEC9 /* TableView */ = {
			isa = PBXNativeTarget;
			buildConfigurationList = 0B2ECA822546ADC1009EFEC9 /* Build configuration list for PBXNativeTarget "TableView" */;
			buildPhases = (
				0B2ECA6C2546ADBE009EFEC9 /* Sources */,
				0B2ECA6D2546ADBE009EFEC9 /* Frameworks */,
				0B2ECA6E2546ADBE009EFEC9 /* Resources */,
			);
			buildRules = (
			);
			dependencies = (
			);
			name = TableView;
			productName = TableView;
			productReference = 0B2ECA702546ADBE009EFEC9 /* TableView.app */;
			productType = "com.apple.product-type.application";
		};
/* End PBXNativeTarget section */

/* Begin PBXProject section */
		0B2ECA682546ADBE009EFEC9 /* Project object */ = {
			isa = PBXProject;
			attributes = {
				LastSwiftUpdateCheck = 1030;
				LastUpgradeCheck = 1030;
				ORGANIZATIONNAME = Mac4;
				TargetAttributes = {
					0B2ECA6F2546ADBE009EFEC9 = {
						CreatedOnToolsVersion = 10.3;
					};
				};
			};
			buildConfigurationList = 0B2ECA6B2546ADBE009EFEC9 /* Build configuration list for PBXProject "TableView" */;
			compatibilityVersion = "Xcode 9.3";
			developmentRegion = en;
			hasScannedForEncodings = 0;
			knownRegions = (
				en,
				Base,
			);
			mainGroup = 0B2ECA672546ADBE009EFEC9;
			productRefGroup = 0B2ECA712546ADBE009EFEC9 /* Products */;
			projectDirPath = "";
			projectRoot = "";
			targets = (
				0B2ECA6F2546ADBE009EFEC9 /* TableView */,
			);
		};
/* End PBXProject section */

/* Begin PBXResourcesBuildPhase section */
		0B2ECA6E2546ADBE009EFEC9 /* Resources */ = {
			isa = PBXResourcesBuildPhase;
			buildActionMask = 2147483647;
			files = (
				0B2ECA7E2546ADC1009EFEC9 /* LaunchScreen.storyboard in Resources */,
				0B2ECA7B2546ADC1009EFEC9 /* Assets.xcassets in Resources */,
				0B2ECA792546ADBE009EFEC9 /* Main.storyboard in Resources */,
				0B4B2696254AAB5500A845D7 /* AlumnoCell.xib in Resources */,
			);
			runOnlyForDeploymentPostprocessing = 0;
		};
/* End PBXResourcesBuildPhase section */

/* Begin PBXSourcesBuildPhase section */
		0B2ECA6C2546ADBE009EFEC9 /* Sources */ = {
			isa = PBXSourcesBuildPhase;
			buildActionMask = 2147483647;
			files = (
				0B2ECA762546ADBE009EFEC9 /* ViewController.swift in Sources */,
				0B2ECA862546B94B009EFEC9 /* InicioViewController.swift in Sources */,
				0B2ECA742546ADBE009EFEC9 /* AppDelegate.swift in Sources */,
				0B4B2695254AAB5500A845D7 /* AlumnoCell.swift in Sources */,
			);
			runOnlyForDeploymentPostprocessing = 0;
		};
/* End PBXSourcesBuildPhase section */

/* Begin PBXVariantGroup section */
		0B2ECA772546ADBE009EFEC9 /* Main.storyboard */ = {
			isa = PBXVariantGroup;
			children = (
				0B2ECA782546ADBE009EFEC9 /* Base */,
			);
			name = Main.storyboard;
			sourceTree = "<group>";
		};
		0B2ECA7C2546ADC1009EFEC9 /* LaunchScreen.storyboard */ = {
			isa = PBXVariantGroup;
			children = (
				0B2ECA7D2546ADC1009EFEC9 /* Base */,
			);
			name = LaunchScreen.storyboard;
			sourceTree = "<group>";
		};
/* End PBXVariantGroup section */

/* Begin XCBuildConfiguration section */
		0B2ECA802546ADC1009EFEC9 /* Debug */ = {
			isa = XCBuildConfiguration;
			buildSettings = {
				ALWAYS_SEARCH_USER_PATHS = NO;
				CLANG_ANALYZER_NONNULL = YES;
				CLANG_ANALYZER_NUMBER_OBJECT_CONVERSION = YES_AGGRESSIVE;
				CLANG_CXX_LANGUAGE_STANDARD = "gnu++14";
				CLANG_CXX_LIBRARY = "libc++";
				CLANG_ENABLE_MODULES = YES;
				CLANG_ENABLE_OBJC_ARC = YES;
				CLANG_ENABLE_OBJC_WEAK = YES;
				CLANG_WARN_BLOCK_CAPTURE_AUTORELEASING = YES;
				CLANG_WARN_BOOL_CONVERSION = YES;
				CLANG_WARN_COMMA = YES;
				CLANG_WARN_CONSTANT_CONVERSION = YES;
				CLANG_WARN_DEPRECATED_OBJC_IMPLEMENTATIONS = YES;
				CLANG_WARN_DIRECT_OBJC_ISA_USAGE = YES_ERROR;
				CLANG_WARN_DOCUMENTATION_COMMENTS = YES;
				CLANG_WARN_EMPTY_BODY = YES;
				CLANG_WARN_ENUM_CONVERSION = YES;
				CLANG_WARN_INFINITE_RECURSION = YES;
				CLANG_WARN_INT_CONVERSION = YES;
				CLANG_WARN_NON_LITERAL_NULL_CONVERSION = YES;
				CLANG_WARN_OBJC_IMPLICIT_RETAIN_SELF = YES;
				CLANG_WARN_OBJC_LITERAL_CONVERSION = YES;
				CLANG_WARN_OBJC_ROOT_CLASS = YES_ERROR;
				CLANG_WARN_RANGE_LOOP_ANALYSIS = YES;
				CLANG_WARN_STRICT_PROTOTYPES = YES;
				CLANG_WARN_SUSPICIOUS_MOVE = YES;
				CLANG_WARN_UNGUARDED_AVAILABILITY = YES_AGGRESSIVE;
				CLANG_WARN_UNREACHABLE_CODE = YES;
				CLANG_WARN__DUPLICATE_METHOD_MATCH = YES;
				CODE_SIGN_IDENTITY = "iPhone Developer";
				COPY_PHASE_STRIP = NO;
				DEBUG_INFORMATION_FORMAT = dwarf;
				ENABLE_STRICT_OBJC_MSGSEND = YES;
				ENABLE_TESTABILITY = YES;
				GCC_C_LANGUAGE_STANDARD = gnu11;
				GCC_DYNAMIC_NO_PIC = NO;
				GCC_NO_COMMON_BLOCKS = YES;
				GCC_OPTIMIZATION_LEVEL = 0;
				GCC_PREPROCESSOR_DEFINITIONS = (
					"DEBUG=1",
					"$(inherited)",
				);
				GCC_WARN_64_TO_32_BIT_CONVERSION = YES;
				GCC_WARN_ABOUT_RETURN_TYPE = YES_ERROR;
				GCC_WARN_UNDECLARED_SELECTOR = YES;
				GCC_WARN_UNINITIALIZED_AUTOS = YES_AGGRESSIVE;
				GCC_WARN_UNUSED_FUNCTION = YES;
				GCC_WARN_UNUSED_VARIABLE = YES;
				IPHONEOS_DEPLOYMENT_TARGET = 12.4;
				MTL_ENABLE_DEBUG_INFO = INCLUDE_SOURCE;
				MTL_FAST_MATH = YES;
				ONLY_ACTIVE_ARCH = YES;
				SDKROOT = iphoneos;
				SWIFT_ACTIVE_COMPILATION_CONDITIONS = DEBUG;
				SWIFT_OPTIMIZATION_LEVEL = "-Onone";
			};
			name = Debug;
		};
		0B2ECA812546ADC1009EFEC9 /* Release */ = {
			isa = XCBuildConfiguration;
			buildSettings = {
				ALWAYS_SEARCH_USER_PATHS = NO;
				CLANG_ANALYZER_NONNULL = YES;
				CLANG_ANALYZER_NUMBER_OBJECT_CONVERSION = YES_AGGRESSIVE;
				CLANG_CXX_LANGUAGE_STANDARD = "gnu++14";
				CLANG_CXX_LIBRARY = "libc++";
				CLANG_ENABLE_MODULES = YES;
				CLANG_ENABLE_OBJC_ARC = YES;
				CLANG_ENABLE_OBJC_WEAK = YES;
				CLANG_WARN_BLOCK_CAPTURE_AUTORELEASING = YES;
				CLANG_WARN_BOOL_CONVERSION = YES;
				CLANG_WARN_COMMA = YES;
				CLANG_WARN_CONSTANT_CONVERSION = YES;
				CLANG_WARN_DEPRECATED_OBJC_IMPLEMENTATIONS = YES;
				CLANG_WARN_DIRECT_OBJC_ISA_USAGE = YES_ERROR;
				CLANG_WARN_DOCUMENTATION_COMMENTS = YES;
				CLANG_WARN_EMPTY_BODY = YES;
				CLANG_WARN_ENUM_CONVERSION = YES;
				CLANG_WARN_INFINITE_RECURSION = YES;
				CLANG_WARN_INT_CONVERSION = YES;
				CLANG_WARN_NON_LITERAL_NULL_CONVERSION = YES;
				CLANG_WARN_OBJC_IMPLICIT_RETAIN_SELF = YES;
				CLANG_WARN_OBJC_LITERAL_CONVERSION = YES;
				CLANG_WARN_OBJC_ROOT_CLASS = YES_ERROR;
				CLANG_WARN_RANGE_LOOP_ANALYSIS = YES;
				CLANG_WARN_STRICT_PROTOTYPES = YES;
				CLANG_WARN_SUSPICIOUS_MOVE = YES;
				CLANG_WARN_UNGUARDED_AVAILABILITY = YES_AGGRESSIVE;
				CLANG_WARN_UNREACHABLE_CODE = YES;
				CLANG_WARN__DUPLICATE_METHOD_MATCH = YES;
				CODE_SIGN_IDENTITY = "iPhone Developer";
				COPY_PHASE_STRIP = NO;
				DEBUG_INFORMATION_FORMAT = "dwarf-with-dsym";
				ENABLE_NS_ASSERTIONS = NO;
				ENABLE_STRICT_OBJC_MSGSEND = YES;
				GCC_C_LANGUAGE_STANDARD = gnu11;
				GCC_NO_COMMON_BLOCKS = YES;
				GCC_WARN_64_TO_32_BIT_CONVERSION = YES;
				GCC_WARN_ABOUT_RETURN_TYPE = YES_ERROR;
				GCC_WARN_UNDECLARED_SELECTOR = YES;
				GCC_WARN_UNINITIALIZED_AUTOS = YES_AGGRESSIVE;
				GCC_WARN_UNUSED_FUNCTION = YES;
				GCC_WARN_UNUSED_VARIABLE = YES;
				IPHONEOS_DEPLOYMENT_TARGET = 12.4;
				MTL_ENABLE_DEBUG_INFO = NO;
				MTL_FAST_MATH = YES;
				SDKROOT = iphoneos;
				SWIFT_COMPILATION_MODE = wholemodule;
				SWIFT_OPTIMIZATION_LEVEL = "-O";
				VALIDATE_PRODUCT = YES;
			};
			name = Release;
		};
		0B2ECA832546ADC1009EFEC9 /* Debug */ = {
			isa = XCBuildConfiguration;
			buildSettings = {
				ASSETCATALOG_COMPILER_APPICON_NAME = AppIcon;
				CODE_SIGN_STYLE = Automatic;
				INFOPLIST_FILE = TableView/Info.plist;
				LD_RUNPATH_SEARCH_PATHS = (
					"$(inherited)",
					"@executable_path/Frameworks",
				);
				PRODUCT_BUNDLE_IDENTIFIER = itm.TableView;
				PRODUCT_NAME = "$(TARGET_NAME)";
				SWIFT_VERSION = 5.0;
				TARGETED_DEVICE_FAMILY = "1,2";
			};
			name = Debug;
		};
		0B2ECA842546ADC1009EFEC9 /* Release */ = {
			isa = XCBuildConfiguration;
			buildSettings = {
				ASSETCATALOG_COMPILER_APPICON_NAME = AppIcon;
				CODE_SIGN_STYLE = Automatic;
				INFOPLIST_FILE = TableView/Info.plist;
				LD_RUNPATH_SEARCH_PATHS = (
					"$(inherited)",
					"@executable_path/Frameworks",
				);
				PRODUCT_BUNDLE_IDENTIFIER = itm.TableView;
				PRODUCT_NAME = "$(TARGET_NAME)";
				SWIFT_VERSION = 5.0;
				TARGETED_DEVICE_FAMILY = "1,2";
			};
			name = Release;
		};
/* End XCBuildConfiguration section */

/* Begin XCConfigurationList section */
		0B2ECA6B2546ADBE009EFEC9 /* Build configuration list for PBXProject "TableView" */ = {
			isa = XCConfigurationList;
			buildConfigurations = (
				0B2ECA802546ADC1009EFEC9 /* Debug */,
				0B2ECA812546ADC1009EFEC9 /* Release */,
			);
			defaultConfigurationIsVisible = 0;
			defaultConfigurationName = Release;
		};
		0B2ECA822546ADC1009EFEC9 /* Build configuration list for PBXNativeTarget "TableView" */ = {
			isa = XCConfigurationList;
			buildConfigurations = (
				0B2ECA832546ADC1009EFEC9 /* Debug */,
				0B2ECA842546ADC1009EFEC9 /* Release */,
			);
			defaultConfigurationIsVisible = 0;
			defaultConfigurationName = Release;
		};
/* End XCConfigurationList section */
	};
	rootObject = 0B2ECA682546ADBE009EFEC9 /* Project object */;
}
